// !$*UTF8*$!
{
	archiveVersion = 1;
	classes = {
	};
	objectVersion = 46;
	objects = {

/* Begin PBXBuildFile section */
		A4E5DE881CD33147002687AD /* main.m in Sources */ = {isa = PBXBuildFile; fileRef = A4E5DE871CD33147002687AD /* main.m */; };
		A4E5DE8B1CD33147002687AD /* AppDelegate.m in Sources */ = {isa = PBXBuildFile; fileRef = A4E5DE8A1CD33147002687AD /* AppDelegate.m */; };
		A4E5DE8E1CD33147002687AD /* ViewController.m in Sources */ = {isa = PBXBuildFile; fileRef = A4E5DE8D1CD33147002687AD /* ViewController.m */; };
		A4E5DE911CD33147002687AD /* Main.storyboard in Resources */ = {isa = PBXBuildFile; fileRef = A4E5DE8F1CD33147002687AD /* Main.storyboard */; };
		A4E5DE931CD33147002687AD /* Assets.xcassets in Resources */ = {isa = PBXBuildFile; fileRef = A4E5DE921CD33147002687AD /* Assets.xcassets */; };
		A4E5DE961CD33147002687AD /* LaunchScreen.storyboard in Resources */ = {isa = PBXBuildFile; fileRef = A4E5DE941CD33147002687AD /* LaunchScreen.storyboard */; };
		A4E5DEA11CD33147002687AD /* SYScrollerViewCycleDemoTests.m in Sources */ = {isa = PBXBuildFile; fileRef = A4E5DEA01CD33147002687AD /* SYScrollerViewCycleDemoTests.m */; };
		A4E5DECE1CD331C0002687AD /* MKAnnotationView+WebCache.m in Sources */ = {isa = PBXBuildFile; fileRef = A4E5DEAE1CD331C0002687AD /* MKAnnotationView+WebCache.m */; };
		A4E5DECF1CD331C0002687AD /* NSData+ImageContentType.m in Sources */ = {isa = PBXBuildFile; fileRef = A4E5DEB01CD331C0002687AD /* NSData+ImageContentType.m */; };
		A4E5DED01CD331C0002687AD /* SDImageCache.m in Sources */ = {isa = PBXBuildFile; fileRef = A4E5DEB21CD331C0002687AD /* SDImageCache.m */; };
		A4E5DED11CD331C0002687AD /* SDWebImageCompat.m in Sources */ = {isa = PBXBuildFile; fileRef = A4E5DEB41CD331C0002687AD /* SDWebImageCompat.m */; };
		A4E5DED21CD331C0002687AD /* SDWebImageDecoder.m in Sources */ = {isa = PBXBuildFile; fileRef = A4E5DEB61CD331C0002687AD /* SDWebImageDecoder.m */; };
		A4E5DED31CD331C0002687AD /* SDWebImageDownloader.m in Sources */ = {isa = PBXBuildFile; fileRef = A4E5DEB81CD331C0002687AD /* SDWebImageDownloader.m */; };
		A4E5DED41CD331C0002687AD /* SDWebImageDownloaderOperation.m in Sources */ = {isa = PBXBuildFile; fileRef = A4E5DEBA1CD331C0002687AD /* SDWebImageDownloaderOperation.m */; };
		A4E5DED51CD331C0002687AD /* SDWebImageManager.m in Sources */ = {isa = PBXBuildFile; fileRef = A4E5DEBC1CD331C0002687AD /* SDWebImageManager.m */; };
		A4E5DED61CD331C0002687AD /* SDWebImagePrefetcher.m in Sources */ = {isa = PBXBuildFile; fileRef = A4E5DEBF1CD331C0002687AD /* SDWebImagePrefetcher.m */; };
		A4E5DED71CD331C0002687AD /* UIButton+WebCache.m in Sources */ = {isa = PBXBuildFile; fileRef = A4E5DEC11CD331C0002687AD /* UIButton+WebCache.m */; };
		A4E5DED81CD331C0002687AD /* UIImage+GIF.m in Sources */ = {isa = PBXBuildFile; fileRef = A4E5DEC31CD331C0002687AD /* UIImage+GIF.m */; };
		A4E5DED91CD331C0002687AD /* UIImage+MultiFormat.m in Sources */ = {isa = PBXBuildFile; fileRef = A4E5DEC51CD331C0002687AD /* UIImage+MultiFormat.m */; };
		A4E5DEDA1CD331C0002687AD /* UIImage+WebP.m in Sources */ = {isa = PBXBuildFile; fileRef = A4E5DEC71CD331C0002687AD /* UIImage+WebP.m */; };
		A4E5DEDB1CD331C0002687AD /* UIImageView+HighlightedWebCache.m in Sources */ = {isa = PBXBuildFile; fileRef = A4E5DEC91CD331C0002687AD /* UIImageView+HighlightedWebCache.m */; };
		A4E5DEDC1CD331C0002687AD /* UIImageView+WebCache.m in Sources */ = {isa = PBXBuildFile; fileRef = A4E5DECB1CD331C0002687AD /* UIImageView+WebCache.m */; };
		A4E5DEDD1CD331C0002687AD /* UIView+WebCacheOperation.m in Sources */ = {isa = PBXBuildFile; fileRef = A4E5DECD1CD331C0002687AD /* UIView+WebCacheOperation.m */; };
		E92AB08E1E23869700FBA003 /* SYCycleImageView.m in Sources */ = {isa = PBXBuildFile; fileRef = E92AB0871E23869700FBA003 /* SYCycleImageView.m */; };
		E92AB08F1E23869700FBA003 /* SYCycleManager.m in Sources */ = {isa = PBXBuildFile; fileRef = E92AB0891E23869700FBA003 /* SYCycleManager.m */; };
		E92AB0901E23869700FBA003 /* SYCycleModel.m in Sources */ = {isa = PBXBuildFile; fileRef = E92AB08B1E23869700FBA003 /* SYCycleModel.m */; };
		E92AB0911E23869700FBA003 /* SYCyclePageControl.m in Sources */ = {isa = PBXBuildFile; fileRef = E92AB08D1E23869700FBA003 /* SYCyclePageControl.m */; };
		E92AB0941E23869F00FBA003 /* current.png in Resources */ = {isa = PBXBuildFile; fileRef = E92AB0921E23869F00FBA003 /* current.png */; };
		E92AB0951E23869F00FBA003 /* page.png in Resources */ = {isa = PBXBuildFile; fileRef = E92AB0931E23869F00FBA003 /* page.png */; };
/* End PBXBuildFile section */

/* Begin PBXContainerItemProxy section */
		A4E5DE9D1CD33147002687AD /* PBXContainerItemProxy */ = {
			isa = PBXContainerItemProxy;
			containerPortal = A4E5DE7B1CD33146002687AD /* Project object */;
			proxyType = 1;
			remoteGlobalIDString = A4E5DE821CD33146002687AD;
			remoteInfo = SYScrollerViewCycleDemo;
		};
/* End PBXContainerItemProxy section */

/* Begin PBXFileReference section */
		A4E5DE831CD33146002687AD /* SYScrollerViewCycleDemo.app */ = {isa = PBXFileReference; explicitFileType = wrapper.application; includeInIndex = 0; path = SYScrollerViewCycleDemo.app; sourceTree = BUILT_PRODUCTS_DIR; };
		A4E5DE871CD33147002687AD /* main.m */ = {isa = PBXFileReference; lastKnownFileType = sourcecode.c.objc; path = main.m; sourceTree = "<group>"; };
		A4E5DE891CD33147002687AD /* AppDelegate.h */ = {isa = PBXFileReference; lastKnownFileType = sourcecode.c.h; path = AppDelegate.h; sourceTree = "<group>"; };
		A4E5DE8A1CD33147002687AD /* AppDelegate.m */ = {isa = PBXFileReference; lastKnownFileType = sourcecode.c.objc; path = AppDelegate.m; sourceTree = "<group>"; };
		A4E5DE8C1CD33147002687AD /* ViewController.h */ = {isa = PBXFileReference; lastKnownFileType = sourcecode.c.h; path = ViewController.h; sourceTree = "<group>"; };
		A4E5DE8D1CD33147002687AD /* ViewController.m */ = {isa = PBXFileReference; lastKnownFileType = sourcecode.c.objc; path = ViewController.m; sourceTree = "<group>"; };
		A4E5DE901CD33147002687AD /* Base */ = {isa = PBXFileReference; lastKnownFileType = file.storyboard; name = Base; path = Base.lproj/Main.storyboard; sourceTree = "<group>"; };
		A4E5DE921CD33147002687AD /* Assets.xcassets */ = {isa = PBXFileReference; lastKnownFileType = folder.assetcatalog; path = Assets.xcassets; sourceTree = "<group>"; };
		A4E5DE951CD33147002687AD /* Base */ = {isa = PBXFileReference; lastKnownFileType = file.storyboard; name = Base; path = Base.lproj/LaunchScreen.storyboard; sourceTree = "<group>"; };
		A4E5DE971CD33147002687AD /* Info.plist */ = {isa = PBXFileReference; lastKnownFileType = text.plist.xml; path = Info.plist; sourceTree = "<group>"; };
		A4E5DE9C1CD33147002687AD /* SYScrollerViewCycleDemoTests.xctest */ = {isa = PBXFileReference; explicitFileType = wrapper.cfbundle; includeInIndex = 0; path = SYScrollerViewCycleDemoTests.xctest; sourceTree = BUILT_PRODUCTS_DIR; };
		A4E5DEA01CD33147002687AD /* SYScrollerViewCycleDemoTests.m */ = {isa = PBXFileReference; lastKnownFileType = sourcecode.c.objc; path = SYScrollerViewCycleDemoTests.m; sourceTree = "<group>"; };
		A4E5DEA21CD33147002687AD /* Info.plist */ = {isa = PBXFileReference; lastKnownFileType = text.plist.xml; path = Info.plist; sourceTree = "<group>"; };
		A4E5DEAD1CD331C0002687AD /* MKAnnotationView+WebCache.h */ = {isa = PBXFileReference; fileEncoding = 4; lastKnownFileType = sourcecode.c.h; path = "MKAnnotationView+WebCache.h"; sourceTree = "<group>"; };
		A4E5DEAE1CD331C0002687AD /* MKAnnotationView+WebCache.m */ = {isa = PBXFileReference; fileEncoding = 4; lastKnownFileType = sourcecode.c.objc; path = "MKAnnotationView+WebCache.m"; sourceTree = "<group>"; };
		A4E5DEAF1CD331C0002687AD /* NSData+ImageContentType.h */ = {isa = PBXFileReference; fileEncoding = 4; lastKnownFileType = sourcecode.c.h; path = "NSData+ImageContentType.h"; sourceTree = "<group>"; };
		A4E5DEB01CD331C0002687AD /* NSData+ImageContentType.m */ = {isa = PBXFileReference; fileEncoding = 4; lastKnownFileType = sourcecode.c.objc; path = "NSData+ImageContentType.m"; sourceTree = "<group>"; };
		A4E5DEB11CD331C0002687AD /* SDImageCache.h */ = {isa = PBXFileReference; fileEncoding = 4; lastKnownFileType = sourcecode.c.h; path = SDImageCache.h; sourceTree = "<group>"; };
		A4E5DEB21CD331C0002687AD /* SDImageCache.m */ = {isa = PBXFileReference; fileEncoding = 4; lastKnownFileType = sourcecode.c.objc; path = SDImageCache.m; sourceTree = "<group>"; };
		A4E5DEB31CD331C0002687AD /* SDWebImageCompat.h */ = {isa = PBXFileReference; fileEncoding = 4; lastKnownFileType = sourcecode.c.h; path = SDWebImageCompat.h; sourceTree = "<group>"; };
		A4E5DEB41CD331C0002687AD /* SDWebImageCompat.m */ = {isa = PBXFileReference; fileEncoding = 4; lastKnownFileType = sourcecode.c.objc; path = SDWebImageCompat.m; sourceTree = "<group>"; };
		A4E5DEB51CD331C0002687AD /* SDWebImageDecoder.h */ = {isa = PBXFileReference; fileEncoding = 4; lastKnownFileType = sourcecode.c.h; path = SDWebImageDecoder.h; sourceTree = "<group>"; };
		A4E5DEB61CD331C0002687AD /* SDWebImageDecoder.m */ = {isa = PBXFileReference; fileEncoding = 4; lastKnownFileType = sourcecode.c.objc; path = SDWebImageDecoder.m; sourceTree = "<group>"; };
		A4E5DEB71CD331C0002687AD /* SDWebImageDownloader.h */ = {isa = PBXFileReference; fileEncoding = 4; lastKnownFileType = sourcecode.c.h; path = SDWebImageDownloader.h; sourceTree = "<group>"; };
		A4E5DEB81CD331C0002687AD /* SDWebImageDownloader.m */ = {isa = PBXFileReference; fileEncoding = 4; lastKnownFileType = sourcecode.c.objc; path = SDWebImageDownloader.m; sourceTree = "<group>"; };
		A4E5DEB91CD331C0002687AD /* SDWebImageDownloaderOperation.h */ = {isa = PBXFileReference; fileEncoding = 4; lastKnownFileType = sourcecode.c.h; path = SDWebImageDownloaderOperation.h; sourceTree = "<group>"; };
		A4E5DEBA1CD331C0002687AD /* SDWebImageDownloaderOperation.m */ = {isa = PBXFileReference; fileEncoding = 4; lastKnownFileType = sourcecode.c.objc; path = SDWebImageDownloaderOperation.m; sourceTree = "<group>"; };
		A4E5DEBB1CD331C0002687AD /* SDWebImageManager.h */ = {isa = PBXFileReference; fileEncoding = 4; lastKnownFileType = sourcecode.c.h; path = SDWebImageManager.h; sourceTree = "<group>"; };
		A4E5DEBC1CD331C0002687AD /* SDWebImageManager.m */ = {isa = PBXFileReference; fileEncoding = 4; lastKnownFileType = sourcecode.c.objc; path = SDWebImageManager.m; sourceTree = "<group>"; };
		A4E5DEBD1CD331C0002687AD /* SDWebImageOperation.h */ = {isa = PBXFileReference; fileEncoding = 4; lastKnownFileType = sourcecode.c.h; path = SDWebImageOperation.h; sourceTree = "<group>"; };
		A4E5DEBE1CD331C0002687AD /* SDWebImagePrefetcher.h */ = {isa = PBXFileReference; fileEncoding = 4; lastKnownFileType = sourcecode.c.h; path = SDWebImagePrefetcher.h; sourceTree = "<group>"; };
		A4E5DEBF1CD331C0002687AD /* SDWebImagePrefetcher.m */ = {isa = PBXFileReference; fileEncoding = 4; lastKnownFileType = sourcecode.c.objc; path = SDWebImagePrefetcher.m; sourceTree = "<group>"; };
		A4E5DEC01CD331C0002687AD /* UIButton+WebCache.h */ = {isa = PBXFileReference; fileEncoding = 4; lastKnownFileType = sourcecode.c.h; path = "UIButton+WebCache.h"; sourceTree = "<group>"; };
		A4E5DEC11CD331C0002687AD /* UIButton+WebCache.m */ = {isa = PBXFileReference; fileEncoding = 4; lastKnownFileType = sourcecode.c.objc; path = "UIButton+WebCache.m"; sourceTree = "<group>"; };
		A4E5DEC21CD331C0002687AD /* UIImage+GIF.h */ = {isa = PBXFileReference; fileEncoding = 4; lastKnownFileType = sourcecode.c.h; path = "UIImage+GIF.h"; sourceTree = "<group>"; };
		A4E5DEC31CD331C0002687AD /* UIImage+GIF.m */ = {isa = PBXFileReference; fileEncoding = 4; lastKnownFileType = sourcecode.c.objc; path = "UIImage+GIF.m"; sourceTree = "<group>"; };
		A4E5DEC41CD331C0002687AD /* UIImage+MultiFormat.h */ = {isa = PBXFileReference; fileEncoding = 4; lastKnownFileType = sourcecode.c.h; path = "UIImage+MultiFormat.h"; sourceTree = "<group>"; };
		A4E5DEC51CD331C0002687AD /* UIImage+MultiFormat.m */ = {isa = PBXFileReference; fileEncoding = 4; lastKnownFileType = sourcecode.c.objc; path = "UIImage+MultiFormat.m"; sourceTree = "<group>"; };
		A4E5DEC61CD331C0002687AD /* UIImage+WebP.h */ = {isa = PBXFileReference; fileEncoding = 4; lastKnownFileType = sourcecode.c.h; path = "UIImage+WebP.h"; sourceTree = "<group>"; };
		A4E5DEC71CD331C0002687AD /* UIImage+WebP.m */ = {isa = PBXFileReference; fileEncoding = 4; lastKnownFileType = sourcecode.c.objc; path = "UIImage+WebP.m"; sourceTree = "<group>"; };
		A4E5DEC81CD331C0002687AD /* UIImageView+HighlightedWebCache.h */ = {isa = PBXFileReference; fileEncoding = 4; lastKnownFileType = sourcecode.c.h; path = "UIImageView+HighlightedWebCache.h"; sourceTree = "<group>"; };
		A4E5DEC91CD331C0002687AD /* UIImageView+HighlightedWebCache.m */ = {isa = PBXFileReference; fileEncoding = 4; lastKnownFileType = sourcecode.c.objc; path = "UIImageView+HighlightedWebCache.m"; sourceTree = "<group>"; };
		A4E5DECA1CD331C0002687AD /* UIImageView+WebCache.h */ = {isa = PBXFileReference; fileEncoding = 4; lastKnownFileType = sourcecode.c.h; path = "UIImageView+WebCache.h"; sourceTree = "<group>"; };
		A4E5DECB1CD331C0002687AD /* UIImageView+WebCache.m */ = {isa = PBXFileReference; fileEncoding = 4; lastKnownFileType = sourcecode.c.objc; path = "UIImageView+WebCache.m"; sourceTree = "<group>"; };
		A4E5DECC1CD331C0002687AD /* UIView+WebCacheOperation.h */ = {isa = PBXFileReference; fileEncoding = 4; lastKnownFileType = sourcecode.c.h; path = "UIView+WebCacheOperation.h"; sourceTree = "<group>"; };
		A4E5DECD1CD331C0002687AD /* UIView+WebCacheOperation.m */ = {isa = PBXFileReference; fileEncoding = 4; lastKnownFileType = sourcecode.c.objc; path = "UIView+WebCacheOperation.m"; sourceTree = "<group>"; };
		E92AB0861E23869700FBA003 /* SYCycleImageView.h */ = {isa = PBXFileReference; fileEncoding = 4; lastKnownFileType = sourcecode.c.h; path = SYCycleImageView.h; sourceTree = "<group>"; };
		E92AB0871E23869700FBA003 /* SYCycleImageView.m */ = {isa = PBXFileReference; fileEncoding = 4; lastKnownFileType = sourcecode.c.objc; path = SYCycleImageView.m; sourceTree = "<group>"; };
		E92AB0881E23869700FBA003 /* SYCycleManager.h */ = {isa = PBXFileReference; fileEncoding = 4; lastKnownFileType = sourcecode.c.h; path = SYCycleManager.h; sourceTree = "<group>"; };
		E92AB0891E23869700FBA003 /* SYCycleManager.m */ = {isa = PBXFileReference; fileEncoding = 4; lastKnownFileType = sourcecode.c.objc; path = SYCycleManager.m; sourceTree = "<group>"; };
		E92AB08A1E23869700FBA003 /* SYCycleModel.h */ = {isa = PBXFileReference; fileEncoding = 4; lastKnownFileType = sourcecode.c.h; path = SYCycleModel.h; sourceTree = "<group>"; };
		E92AB08B1E23869700FBA003 /* SYCycleModel.m */ = {isa = PBXFileReference; fileEncoding = 4; lastKnownFileType = sourcecode.c.objc; path = SYCycleModel.m; sourceTree = "<group>"; };
		E92AB08C1E23869700FBA003 /* SYCyclePageControl.h */ = {isa = PBXFileReference; fileEncoding = 4; lastKnownFileType = sourcecode.c.h; path = SYCyclePageControl.h; sourceTree = "<group>"; };
		E92AB08D1E23869700FBA003 /* SYCyclePageControl.m */ = {isa = PBXFileReference; fileEncoding = 4; lastKnownFileType = sourcecode.c.objc; path = SYCyclePageControl.m; sourceTree = "<group>"; };
		E92AB0921E23869F00FBA003 /* current.png */ = {isa = PBXFileReference; lastKnownFileType = image.png; path = current.png; sourceTree = "<group>"; };
		E92AB0931E23869F00FBA003 /* page.png */ = {isa = PBXFileReference; lastKnownFileType = image.png; path = page.png; sourceTree = "<group>"; };
/* End PBXFileReference section */

/* Begin PBXFrameworksBuildPhase section */
		A4E5DE801CD33146002687AD /* Frameworks */ = {
			isa = PBXFrameworksBuildPhase;
			buildActionMask = 2147483647;
			files = (
			);
			runOnlyForDeploymentPostprocessing = 0;
		};
		A4E5DE991CD33147002687AD /* Frameworks */ = {
			isa = PBXFrameworksBuildPhase;
			buildActionMask = 2147483647;
			files = (
			);
			runOnlyForDeploymentPostprocessing = 0;
		};
/* End PBXFrameworksBuildPhase section */

/* Begin PBXGroup section */
		A4E5DE7A1CD33146002687AD = {
			isa = PBXGroup;
			children = (
				A4E5DE851CD33146002687AD /* SYScrollerViewCycleDemo */,
				A4E5DE9F1CD33147002687AD /* SYScrollerViewCycleDemoTests */,
				A4E5DE841CD33146002687AD /* Products */,
			);
			sourceTree = "<group>";
		};
		A4E5DE841CD33146002687AD /* Products */ = {
			isa = PBXGroup;
			children = (
				A4E5DE831CD33146002687AD /* SYScrollerViewCycleDemo.app */,
				A4E5DE9C1CD33147002687AD /* SYScrollerViewCycleDemoTests.xctest */,
			);
			name = Products;
			sourceTree = "<group>";
		};
		A4E5DE851CD33146002687AD /* SYScrollerViewCycleDemo */ = {
			isa = PBXGroup;
			children = (
				E92AB0921E23869F00FBA003 /* current.png */,
				E92AB0931E23869F00FBA003 /* page.png */,
				E92AB0851E23869700FBA003 /* SYCycle */,
				A4E5DEAC1CD331C0002687AD /* SDWebImage */,
				A4E5DE891CD33147002687AD /* AppDelegate.h */,
				A4E5DE8A1CD33147002687AD /* AppDelegate.m */,
				A4E5DE8C1CD33147002687AD /* ViewController.h */,
				A4E5DE8D1CD33147002687AD /* ViewController.m */,
				A4E5DE8F1CD33147002687AD /* Main.storyboard */,
				A4E5DE921CD33147002687AD /* Assets.xcassets */,
				A4E5DE941CD33147002687AD /* LaunchScreen.storyboard */,
				A4E5DE971CD33147002687AD /* Info.plist */,
				A4E5DE861CD33147002687AD /* Supporting Files */,
			);
			path = SYScrollerViewCycleDemo;
			sourceTree = "<group>";
		};
		A4E5DE861CD33147002687AD /* Supporting Files */ = {
			isa = PBXGroup;
			children = (
				A4E5DE871CD33147002687AD /* main.m */,
			);
			name = "Supporting Files";
			sourceTree = "<group>";
		};
		A4E5DE9F1CD33147002687AD /* SYScrollerViewCycleDemoTests */ = {
			isa = PBXGroup;
			children = (
				A4E5DEA01CD33147002687AD /* SYScrollerViewCycleDemoTests.m */,
				A4E5DEA21CD33147002687AD /* Info.plist */,
			);
			path = SYScrollerViewCycleDemoTests;
			sourceTree = "<group>";
		};
		A4E5DEAC1CD331C0002687AD /* SDWebImage */ = {
			isa = PBXGroup;
			children = (
				A4E5DEAD1CD331C0002687AD /* MKAnnotationView+WebCache.h */,
				A4E5DEAE1CD331C0002687AD /* MKAnnotationView+WebCache.m */,
				A4E5DEAF1CD331C0002687AD /* NSData+ImageContentType.h */,
				A4E5DEB01CD331C0002687AD /* NSData+ImageContentType.m */,
				A4E5DEB11CD331C0002687AD /* SDImageCache.h */,
				A4E5DEB21CD331C0002687AD /* SDImageCache.m */,
				A4E5DEB31CD331C0002687AD /* SDWebImageCompat.h */,
				A4E5DEB41CD331C0002687AD /* SDWebImageCompat.m */,
				A4E5DEB51CD331C0002687AD /* SDWebImageDecoder.h */,
				A4E5DEB61CD331C0002687AD /* SDWebImageDecoder.m */,
				A4E5DEB71CD331C0002687AD /* SDWebImageDownloader.h */,
				A4E5DEB81CD331C0002687AD /* SDWebImageDownloader.m */,
				A4E5DEB91CD331C0002687AD /* SDWebImageDownloaderOperation.h */,
				A4E5DEBA1CD331C0002687AD /* SDWebImageDownloaderOperation.m */,
				A4E5DEBB1CD331C0002687AD /* SDWebImageManager.h */,
				A4E5DEBC1CD331C0002687AD /* SDWebImageManager.m */,
				A4E5DEBD1CD331C0002687AD /* SDWebImageOperation.h */,
				A4E5DEBE1CD331C0002687AD /* SDWebImagePrefetcher.h */,
				A4E5DEBF1CD331C0002687AD /* SDWebImagePrefetcher.m */,
				A4E5DEC01CD331C0002687AD /* UIButton+WebCache.h */,
				A4E5DEC11CD331C0002687AD /* UIButton+WebCache.m */,
				A4E5DEC21CD331C0002687AD /* UIImage+GIF.h */,
				A4E5DEC31CD331C0002687AD /* UIImage+GIF.m */,
				A4E5DEC41CD331C0002687AD /* UIImage+MultiFormat.h */,
				A4E5DEC51CD331C0002687AD /* UIImage+MultiFormat.m */,
				A4E5DEC61CD331C0002687AD /* UIImage+WebP.h */,
				A4E5DEC71CD331C0002687AD /* UIImage+WebP.m */,
				A4E5DEC81CD331C0002687AD /* UIImageView+HighlightedWebCache.h */,
				A4E5DEC91CD331C0002687AD /* UIImageView+HighlightedWebCache.m */,
				A4E5DECA1CD331C0002687AD /* UIImageView+WebCache.h */,
				A4E5DECB1CD331C0002687AD /* UIImageView+WebCache.m */,
				A4E5DECC1CD331C0002687AD /* UIView+WebCacheOperation.h */,
				A4E5DECD1CD331C0002687AD /* UIView+WebCacheOperation.m */,
			);
			path = SDWebImage;
			sourceTree = "<group>";
		};
		E92AB0851E23869700FBA003 /* SYCycle */ = {
			isa = PBXGroup;
			children = (
				E92AB0861E23869700FBA003 /* SYCycleImageView.h */,
				E92AB0871E23869700FBA003 /* SYCycleImageView.m */,
				E92AB0881E23869700FBA003 /* SYCycleManager.h */,
				E92AB0891E23869700FBA003 /* SYCycleManager.m */,
				E92AB08A1E23869700FBA003 /* SYCycleModel.h */,
				E92AB08B1E23869700FBA003 /* SYCycleModel.m */,
				E92AB08C1E23869700FBA003 /* SYCyclePageControl.h */,
				E92AB08D1E23869700FBA003 /* SYCyclePageControl.m */,
			);
			path = SYCycle;
			sourceTree = "<group>";
		};
/* End PBXGroup section */

/* Begin PBXNativeTarget section */
		A4E5DE821CD33146002687AD /* SYScrollerViewCycleDemo */ = {
			isa = PBXNativeTarget;
			buildConfigurationList = A4E5DEA51CD33147002687AD /* Build configuration list for PBXNativeTarget "SYScrollerViewCycleDemo" */;
			buildPhases = (
				A4E5DE7F1CD33146002687AD /* Sources */,
				A4E5DE801CD33146002687AD /* Frameworks */,
				A4E5DE811CD33146002687AD /* Resources */,
			);
			buildRules = (
			);
			dependencies = (
			);
			name = SYScrollerViewCycleDemo;
			productName = SYScrollerViewCycleDemo;
			productReference = A4E5DE831CD33146002687AD /* SYScrollerViewCycleDemo.app */;
			productType = "com.apple.product-type.application";
		};
		A4E5DE9B1CD33147002687AD /* SYScrollerViewCycleDemoTests */ = {
			isa = PBXNativeTarget;
			buildConfigurationList = A4E5DEA81CD33147002687AD /* Build configuration list for PBXNativeTarget "SYScrollerViewCycleDemoTests" */;
			buildPhases = (
				A4E5DE981CD33147002687AD /* Sources */,
				A4E5DE991CD33147002687AD /* Frameworks */,
				A4E5DE9A1CD33147002687AD /* Resources */,
			);
			buildRules = (
			);
			dependencies = (
				A4E5DE9E1CD33147002687AD /* PBXTargetDependency */,
			);
			name = SYScrollerViewCycleDemoTests;
			productName = SYScrollerViewCycleDemoTests;
			productReference = A4E5DE9C1CD33147002687AD /* SYScrollerViewCycleDemoTests.xctest */;
			productType = "com.apple.product-type.bundle.unit-test";
		};
/* End PBXNativeTarget section */

/* Begin PBXProject section */
		A4E5DE7B1CD33146002687AD /* Project object */ = {
			isa = PBXProject;
			attributes = {
				LastUpgradeCheck = 0720;
				ORGANIZATIONNAME = sunyu;
				TargetAttributes = {
					A4E5DE821CD33146002687AD = {
						CreatedOnToolsVersion = 7.2.1;
						DevelopmentTeam = 442GN6Q5NW;
					};
					A4E5DE9B1CD33147002687AD = {
						CreatedOnToolsVersion = 7.2.1;
						TestTargetID = A4E5DE821CD33146002687AD;
					};
				};
			};
			buildConfigurationList = A4E5DE7E1CD33146002687AD /* Build configuration list for PBXProject "SYScrollerViewCycleDemo" */;
			compatibilityVersion = "Xcode 3.2";
			developmentRegion = English;
			hasScannedForEncodings = 0;
			knownRegions = (
				en,
				Base,
			);
			mainGroup = A4E5DE7A1CD33146002687AD;
			productRefGroup = A4E5DE841CD33146002687AD /* Products */;
			projectDirPath = "";
			projectRoot = "";
			targets = (
				A4E5DE821CD33146002687AD /* SYScrollerViewCycleDemo */,
				A4E5DE9B1CD33147002687AD /* SYScrollerViewCycleDemoTests */,
			);
		};
/* End PBXProject section */

/* Begin PBXResourcesBuildPhase section */
		A4E5DE811CD33146002687AD /* Resources */ = {
			isa = PBXResourcesBuildPhase;
			buildActionMask = 2147483647;
			files = (
				A4E5DE961CD33147002687AD /* LaunchScreen.storyboard in Resources */,
				E92AB0951E23869F00FBA003 /* page.png in Resources */,
				E92AB0941E23869F00FBA003 /* current.png in Resources */,
				A4E5DE931CD33147002687AD /* Assets.xcassets in Resources */,
				A4E5DE911CD33147002687AD /* Main.storyboard in Resources */,
			);
			runOnlyForDeploymentPostprocessing = 0;
		};
		A4E5DE9A1CD33147002687AD /* Resources */ = {
			isa = PBXResourcesBuildPhase;
			buildActionMask = 2147483647;
			files = (
			);
			runOnlyForDeploymentPostprocessing = 0;
		};
/* End PBXResourcesBuildPhase section */

/* Begin PBXSourcesBuildPhase section */
		A4E5DE7F1CD33146002687AD /* Sources */ = {
			isa = PBXSourcesBuildPhase;
			buildActionMask = 2147483647;
			files = (
				A4E5DEDB1CD331C0002687AD /* UIImageView+HighlightedWebCache.m in Sources */,
				E92AB08F1E23869700FBA003 /* SYCycleManager.m in Sources */,
				A4E5DECF1CD331C0002687AD /* NSData+ImageContentType.m in Sources */,
				E92AB0911E23869700FBA003 /* SYCyclePageControl.m in Sources */,
				A4E5DED51CD331C0002687AD /* SDWebImageManager.m in Sources */,
				A4E5DED31CD331C0002687AD /* SDWebImageDownloader.m in Sources */,
				A4E5DEDA1CD331C0002687AD /* UIImage+WebP.m in Sources */,
				A4E5DEDD1CD331C0002687AD /* UIView+WebCacheOperation.m in Sources */,
				A4E5DED01CD331C0002687AD /* SDImageCache.m in Sources */,
				A4E5DE8E1CD33147002687AD /* ViewController.m in Sources */,
				A4E5DECE1CD331C0002687AD /* MKAnnotationView+WebCache.m in Sources */,
				A4E5DED21CD331C0002687AD /* SDWebImageDecoder.m in Sources */,
				A4E5DED91CD331C0002687AD /* UIImage+MultiFormat.m in Sources */,
				A4E5DED41CD331C0002687AD /* SDWebImageDownloaderOperation.m in Sources */,
				A4E5DE8B1CD33147002687AD /* AppDelegate.m in Sources */,
				E92AB0901E23869700FBA003 /* SYCycleModel.m in Sources */,
				A4E5DED71CD331C0002687AD /* UIButton+WebCache.m in Sources */,
				A4E5DED61CD331C0002687AD /* SDWebImagePrefetcher.m in Sources */,
				E92AB08E1E23869700FBA003 /* SYCycleImageView.m in Sources */,
				A4E5DEDC1CD331C0002687AD /* UIImageView+WebCache.m in Sources */,
				A4E5DED11CD331C0002687AD /* SDWebImageCompat.m in Sources */,
				A4E5DED81CD331C0002687AD /* UIImage+GIF.m in Sources */,
				A4E5DE881CD33147002687AD /* main.m in Sources */,
			);
			runOnlyForDeploymentPostprocessing = 0;
		};
		A4E5DE981CD33147002687AD /* Sources */ = {
			isa = PBXSourcesBuildPhase;
			buildActionMask = 2147483647;
			files = (
				A4E5DEA11CD33147002687AD /* SYScrollerViewCycleDemoTests.m in Sources */,
			);
			runOnlyForDeploymentPostprocessing = 0;
		};
/* End PBXSourcesBuildPhase section */

/* Begin PBXTargetDependency section */
		A4E5DE9E1CD33147002687AD /* PBXTargetDependency */ = {
			isa = PBXTargetDependency;
			target = A4E5DE821CD33146002687AD /* SYScrollerViewCycleDemo */;
			targetProxy = A4E5DE9D1CD33147002687AD /* PBXContainerItemProxy */;
		};
/* End PBXTargetDependency section */

/* Begin PBXVariantGroup section */
		A4E5DE8F1CD33147002687AD /* Main.storyboard */ = {
			isa = PBXVariantGroup;
			children = (
				A4E5DE901CD33147002687AD /* Base */,
			);
			name = Main.storyboard;
			sourceTree = "<group>";
		};
		A4E5DE941CD33147002687AD /* LaunchScreen.storyboard */ = {
			isa = PBXVariantGroup;
			children = (
				A4E5DE951CD33147002687AD /* Base */,
			);
			name = LaunchScreen.storyboard;
			sourceTree = "<group>";
		};
/* End PBXVariantGroup section */

/* Begin XCBuildConfiguration section */
		A4E5DEA31CD33147002687AD /* Debug */ = {
			isa = XCBuildConfiguration;
			buildSettings = {
				ALWAYS_SEARCH_USER_PATHS = NO;
				CLANG_CXX_LANGUAGE_STANDARD = "gnu++0x";
				CLANG_CXX_LIBRARY = "libc++";
				CLANG_ENABLE_MODULES = YES;
				CLANG_ENABLE_OBJC_ARC = YES;
				CLANG_WARN_BOOL_CONVERSION = YES;
				CLANG_WARN_CONSTANT_CONVERSION = YES;
				CLANG_WARN_DIRECT_OBJC_ISA_USAGE = YES_ERROR;
				CLANG_WARN_EMPTY_BODY = YES;
				CLANG_WARN_ENUM_CONVERSION = YES;
				CLANG_WARN_INT_CONVERSION = YES;
				CLANG_WARN_OBJC_ROOT_CLASS = YES_ERROR;
				CLANG_WARN_UNREACHABLE_CODE = YES;
				CLANG_WARN__DUPLICATE_METHOD_MATCH = YES;
				"CODE_SIGN_IDENTITY[sdk=iphoneos*]" = "iPhone Developer";
				COPY_PHASE_STRIP = NO;
				DEBUG_INFORMATION_FORMAT = dwarf;
				ENABLE_STRICT_OBJC_MSGSEND = YES;
				ENABLE_TESTABILITY = YES;
				GCC_C_LANGUAGE_STANDARD = gnu99;
				GCC_DYNAMIC_NO_PIC = NO;
				GCC_NO_COMMON_BLOCKS = YES;
				GCC_OPTIMIZATION_LEVEL = 0;
				GCC_PREPROCESSOR_DEFINITIONS = (
					"DEBUG=1",
					"$(inherited)",
				);
				GCC_WARN_64_TO_32_BIT_CONVERSION = YES;
				GCC_WARN_ABOUT_RETURN_TYPE = YES_ERROR;
				GCC_WARN_UNDECLARED_SELECTOR = YES;
				GCC_WARN_UNINITIALIZED_AUTOS = YES_AGGRESSIVE;
				GCC_WARN_UNUSED_FUNCTION = YES;
				GCC_WARN_UNUSED_VARIABLE = YES;
				IPHONEOS_DEPLOYMENT_TARGET = 9.2;
				MTL_ENABLE_DEBUG_INFO = YES;
				ONLY_ACTIVE_ARCH = YES;
				SDKROOT = iphoneos;
				TARGETED_DEVICE_FAMILY = "1,2";
			};
			name = Debug;
		};
		A4E5DEA41CD33147002687AD /* Release */ = {
			isa = XCBuildConfiguration;
			buildSettings = {
				ALWAYS_SEARCH_USER_PATHS = NO;
				CLANG_CXX_LANGUAGE_STANDARD = "gnu++0x";
				CLANG_CXX_LIBRARY = "libc++";
				CLANG_ENABLE_MODULES = YES;
				CLANG_ENABLE_OBJC_ARC = YES;
				CLANG_WARN_BOOL_CONVERSION = YES;
				CLANG_WARN_CONSTANT_CONVERSION = YES;
				CLANG_WARN_DIRECT_OBJC_ISA_USAGE = YES_ERROR;
				CLANG_WARN_EMPTY_BODY = YES;
				CLANG_WARN_ENUM_CONVERSION = YES;
				CLANG_WARN_INT_CONVERSION = YES;
				CLANG_WARN_OBJC_ROOT_CLASS = YES_ERROR;
				CLANG_WARN_UNREACHABLE_CODE = YES;
				CLANG_WARN__DUPLICATE_METHOD_MATCH = YES;
				"CODE_SIGN_IDENTITY[sdk=iphoneos*]" = "iPhone Developer";
				COPY_PHASE_STRIP = NO;
				DEBUG_INFORMATION_FORMAT = "dwarf-with-dsym";
				ENABLE_NS_ASSERTIONS = NO;
				ENABLE_STRICT_OBJC_MSGSEND = YES;
				GCC_C_LANGUAGE_STANDARD = gnu99;
				GCC_NO_COMMON_BLOCKS = YES;
				GCC_WARN_64_TO_32_BIT_CONVERSION = YES;
				GCC_WARN_ABOUT_RETURN_TYPE = YES_ERROR;
				GCC_WARN_UNDECLARED_SELECTOR = YES;
				GCC_WARN_UNINITIALIZED_AUTOS = YES_AGGRESSIVE;
				GCC_WARN_UNUSED_FUNCTION = YES;
				GCC_WARN_UNUSED_VARIABLE = YES;
				IPHONEOS_DEPLOYMENT_TARGET = 9.2;
				MTL_ENABLE_DEBUG_INFO = NO;
				SDKROOT = iphoneos;
				TARGETED_DEVICE_FAMILY = "1,2";
				VALIDATE_PRODUCT = YES;
			};
			name = Release;
		};
		A4E5DEA61CD33147002687AD /* Debug */ = {
			isa = XCBuildConfiguration;
			buildSettings = {
				ASSETCATALOG_COMPILER_APPICON_NAME = AppIcon;
				DEVELOPMENT_TEAM = 442GN6Q5NW;
				INFOPLIST_FILE = SYScrollerViewCycleDemo/Info.plist;
				LD_RUNPATH_SEARCH_PATHS = "$(inherited) @executable_path/Frameworks";
				PRODUCT_BUNDLE_IDENTIFIER = com.csc.SYScrollerViewCycleDemo;
				PRODUCT_NAME = "$(TARGET_NAME)";
			};
			name = Debug;
		};
		A4E5DEA71CD33147002687AD /* Release */ = {
			isa = XCBuildConfiguration;
			buildSettings = {
				ASSETCATALOG_COMPILER_APPICON_NAME = AppIcon;
				DEVELOPMENT_TEAM = 442GN6Q5NW;
				INFOPLIST_FILE = SYScrollerViewCycleDemo/Info.plist;
				LD_RUNPATH_SEARCH_PATHS = "$(inherited) @executable_path/Frameworks";
				PRODUCT_BUNDLE_IDENTIFIER = com.csc.SYScrollerViewCycleDemo;
				PRODUCT_NAME = "$(TARGET_NAME)";
			};
			name = Release;
		};
		A4E5DEA91CD33147002687AD /* Debug */ = {
			isa = XCBuildConfiguration;
			buildSettings = {
				BUNDLE_LOADER = "$(TEST_HOST)";
				INFOPLIST_FILE = SYScrollerViewCycleDemoTests/Info.plist;
				LD_RUNPATH_SEARCH_PATHS = "$(inherited) @executable_path/Frameworks @loader_path/Frameworks";
				PRODUCT_BUNDLE_IDENTIFIER = com.csc.SYScrollerViewCycleDemoTests;
				PRODUCT_NAME = "$(TARGET_NAME)";
				TEST_HOST = "$(BUILT_PRODUCTS_DIR)/SYScrollerViewCycleDemo.app/SYScrollerViewCycleDemo";
			};
			name = Debug;
		};
		A4E5DEAA1CD33147002687AD /* Release */ = {
			isa = XCBuildConfiguration;
			buildSettings = {
				BUNDLE_LOADER = "$(TEST_HOST)";
				INFOPLIST_FILE = SYScrollerViewCycleDemoTests/Info.plist;
				LD_RUNPATH_SEARCH_PATHS = "$(inherited) @executable_path/Frameworks @loader_path/Frameworks";
				PRODUCT_BUNDLE_IDENTIFIER = com.csc.SYScrollerViewCycleDemoTests;
				PRODUCT_NAME = "$(TARGET_NAME)";
				TEST_HOST = "$(BUILT_PRODUCTS_DIR)/SYScrollerViewCycleDemo.app/SYScrollerViewCycleDemo";
			};
			name = Release;
		};
/* End XCBuildConfiguration section */

/* Begin XCConfigurationList section */
		A4E5DE7E1CD33146002687AD /* Build configuration list for PBXProject "SYScrollerViewCycleDemo" */ = {
			isa = XCConfigurationList;
			buildConfigurations = (
				A4E5DEA31CD33147002687AD /* Debug */,
				A4E5DEA41CD33147002687AD /* Release */,
			);
			defaultConfigurationIsVisible = 0;
			defaultConfigurationName = Release;
		};
		A4E5DEA51CD33147002687AD /* Build configuration list for PBXNativeTarget "SYScrollerViewCycleDemo" */ = {
			isa = XCConfigurationList;
			buildConfigurations = (
				A4E5DEA61CD33147002687AD /* Debug */,
				A4E5DEA71CD33147002687AD /* Release */,
			);
			defaultConfigurationIsVisible = 0;
			defaultConfigurationName = Release;
		};
		A4E5DEA81CD33147002687AD /* Build configuration list for PBXNativeTarget "SYScrollerViewCycleDemoTests" */ = {
			isa = XCConfigurationList;
			buildConfigurations = (
				A4E5DEA91CD33147002687AD /* Debug */,
				A4E5DEAA1CD33147002687AD /* Release */,
			);
			defaultConfigurationIsVisible = 0;
			defaultConfigurationName = Release;
		};
/* End XCConfigurationList section */
	};
	rootObject = A4E5DE7B1CD33146002687AD /* Project object */;
}
